// !$*UTF8*$!
{
	archiveVersion = 1;
	classes = {
	};
	objectVersion = 46;
	objects = {

/* Begin PBXBuildFile section */
		C2CD43651B3E471A00C399B8 /* main.m in Sources */ = {isa = PBXBuildFile; fileRef = C2CD43641B3E471A00C399B8 /* main.m */; };
		C2CD43681B3E471A00C399B8 /* AppDelegate.m in Sources */ = {isa = PBXBuildFile; fileRef = C2CD43671B3E471A00C399B8 /* AppDelegate.m */; };
		C2CD436B1B3E471A00C399B8 /* loginagain.xcdatamodeld in Sources */ = {isa = PBXBuildFile; fileRef = C2CD43691B3E471A00C399B8 /* loginagain.xcdatamodeld */; };
		C2CD436E1B3E471A00C399B8 /* ViewController.m in Sources */ = {isa = PBXBuildFile; fileRef = C2CD436D1B3E471A00C399B8 /* ViewController.m */; };
		C2CD43711B3E471A00C399B8 /* Main.storyboard in Resources */ = {isa = PBXBuildFile; fileRef = C2CD436F1B3E471A00C399B8 /* Main.storyboard */; };
		C2CD43731B3E471A00C399B8 /* Images.xcassets in Resources */ = {isa = PBXBuildFile; fileRef = C2CD43721B3E471A00C399B8 /* Images.xcassets */; };
		C2CD43761B3E471B00C399B8 /* LaunchScreen.xib in Resources */ = {isa = PBXBuildFile; fileRef = C2CD43741B3E471B00C399B8 /* LaunchScreen.xib */; };
		C2CD43821B3E471B00C399B8 /* loginagainTests.m in Sources */ = {isa = PBXBuildFile; fileRef = C2CD43811B3E471B00C399B8 /* loginagainTests.m */; };
/* End PBXBuildFile section */

/* Begin PBXContainerItemProxy section */
		C2CD437C1B3E471B00C399B8 /* PBXContainerItemProxy */ = {
			isa = PBXContainerItemProxy;
			containerPortal = C2CD43571B3E471A00C399B8 /* Project object */;
			proxyType = 1;
			remoteGlobalIDString = C2CD435E1B3E471A00C399B8;
			remoteInfo = loginagain;
		};
/* End PBXContainerItemProxy section */

/* Begin PBXFileReference section */
		C2CD435F1B3E471A00C399B8 /* loginagain.app */ = {isa = PBXFileReference; explicitFileType = wrapper.application; includeInIndex = 0; path = loginagain.app; sourceTree = BUILT_PRODUCTS_DIR; };
		C2CD43631B3E471A00C399B8 /* Info.plist */ = {isa = PBXFileReference; lastKnownFileType = text.plist.xml; path = Info.plist; sourceTree = "<group>"; };
		C2CD43641B3E471A00C399B8 /* main.m */ = {isa = PBXFileReference; lastKnownFileType = sourcecode.c.objc; path = main.m; sourceTree = "<group>"; };
		C2CD43661B3E471A00C399B8 /* AppDelegate.h */ = {isa = PBXFileReference; lastKnownFileType = sourcecode.c.h; path = AppDelegate.h; sourceTree = "<group>"; };
		C2CD43671B3E471A00C399B8 /* AppDelegate.m */ = {isa = PBXFileReference; lastKnownFileType = sourcecode.c.objc; path = AppDelegate.m; sourceTree = "<group>"; };
		C2CD436A1B3E471A00C399B8 /* loginagain.xcdatamodel */ = {isa = PBXFileReference; lastKnownFileType = wrapper.xcdatamodel; path = loginagain.xcdatamodel; sourceTree = "<group>"; };
		C2CD436C1B3E471A00C399B8 /* ViewController.h */ = {isa = PBXFileReference; lastKnownFileType = sourcecode.c.h; path = ViewController.h; sourceTree = "<group>"; };
		C2CD436D1B3E471A00C399B8 /* ViewController.m */ = {isa = PBXFileReference; lastKnownFileType = sourcecode.c.objc; path = ViewController.m; sourceTree = "<group>"; };
		C2CD43701B3E471A00C399B8 /* Base */ = {isa = PBXFileReference; lastKnownFileType = file.storyboard; name = Base; path = Base.lproj/Main.storyboard; sourceTree = "<group>"; };
		C2CD43721B3E471A00C399B8 /* Images.xcassets */ = {isa = PBXFileReference; lastKnownFileType = folder.assetcatalog; path = Images.xcassets; sourceTree = "<group>"; };
		C2CD43751B3E471B00C399B8 /* Base */ = {isa = PBXFileReference; lastKnownFileType = file.xib; name = Base; path = Base.lproj/LaunchScreen.xib; sourceTree = "<group>"; };
		C2CD437B1B3E471B00C399B8 /* loginagainTests.xctest */ = {isa = PBXFileReference; explicitFileType = wrapper.cfbundle; includeInIndex = 0; path = loginagainTests.xctest; sourceTree = BUILT_PRODUCTS_DIR; };
		C2CD43801B3E471B00C399B8 /* Info.plist */ = {isa = PBXFileReference; lastKnownFileType = text.plist.xml; path = Info.plist; sourceTree = "<group>"; };
		C2CD43811B3E471B00C399B8 /* loginagainTests.m */ = {isa = PBXFileReference; lastKnownFileType = sourcecode.c.objc; path = loginagainTests.m; sourceTree = "<group>"; };
/* End PBXFileReference section */

/* Begin PBXFrameworksBuildPhase section */
		C2CD435C1B3E471A00C399B8 /* Frameworks */ = {
			isa = PBXFrameworksBuildPhase;
			buildActionMask = 2147483647;
			files = (
			);
			runOnlyForDeploymentPostprocessing = 0;
		};
		C2CD43781B3E471B00C399B8 /* Frameworks */ = {
			isa = PBXFrameworksBuildPhase;
			buildActionMask = 2147483647;
			files = (
			);
			runOnlyForDeploymentPostprocessing = 0;
		};
/* End PBXFrameworksBuildPhase section */

/* Begin PBXGroup section */
		C2CD43561B3E471A00C399B8 = {
			isa = PBXGroup;
			children = (
				C2CD43611B3E471A00C399B8 /* loginagain */,
				C2CD437E1B3E471B00C399B8 /* loginagainTests */,
				C2CD43601B3E471A00C399B8 /* Products */,
			);
			sourceTree = "<group>";
		};
		C2CD43601B3E471A00C399B8 /* Products */ = {
			isa = PBXGroup;
			children = (
				C2CD435F1B3E471A00C399B8 /* loginagain.app */,
				C2CD437B1B3E471B00C399B8 /* loginagainTests.xctest */,
			);
			name = Products;
			sourceTree = "<group>";
		};
		C2CD43611B3E471A00C399B8 /* loginagain */ = {
			isa = PBXGroup;
			children = (
				C2CD43661B3E471A00C399B8 /* AppDelegate.h */,
				C2CD43671B3E471A00C399B8 /* AppDelegate.m */,
				C2CD436C1B3E471A00C399B8 /* ViewController.h */,
				C2CD436D1B3E471A00C399B8 /* ViewController.m */,
				C2CD436F1B3E471A00C399B8 /* Main.storyboard */,
				C2CD43721B3E471A00C399B8 /* Images.xcassets */,
				C2CD43741B3E471B00C399B8 /* LaunchScreen.xib */,
				C2CD43691B3E471A00C399B8 /* loginagain.xcdatamodeld */,
				C2CD43621B3E471A00C399B8 /* Supporting Files */,
			);
			path = loginagain;
			sourceTree = "<group>";
		};
		C2CD43621B3E471A00C399B8 /* Supporting Files */ = {
			isa = PBXGroup;
			children = (
				C2CD43631B3E471A00C399B8 /* Info.plist */,
				C2CD43641B3E471A00C399B8 /* main.m */,
			);
			name = "Supporting Files";
			sourceTree = "<group>";
		};
		C2CD437E1B3E471B00C399B8 /* loginagainTests */ = {
			isa = PBXGroup;
			children = (
				C2CD43811B3E471B00C399B8 /* loginagainTests.m */,
				C2CD437F1B3E471B00C399B8 /* Supporting Files */,
			);
			path = loginagainTests;
			sourceTree = "<group>";
		};
		C2CD437F1B3E471B00C399B8 /* Supporting Files */ = {
			isa = PBXGroup;
			children = (
				C2CD43801B3E471B00C399B8 /* Info.plist */,
			);
			name = "Supporting Files";
			sourceTree = "<group>";
		};
/* End PBXGroup section */

/* Begin PBXNativeTarget section */
		C2CD435E1B3E471A00C399B8 /* loginagain */ = {
			isa = PBXNativeTarget;
			buildConfigurationList = C2CD43851B3E471B00C399B8 /* Build configuration list for PBXNativeTarget "loginagain" */;
			buildPhases = (
				C2CD435B1B3E471A00C399B8 /* Sources */,
				C2CD435C1B3E471A00C399B8 /* Frameworks */,
				C2CD435D1B3E471A00C399B8 /* Resources */,
			);
			buildRules = (
			);
			dependencies = (
			);
			name = loginagain;
			productName = loginagain;
			productReference = C2CD435F1B3E471A00C399B8 /* loginagain.app */;
			productType = "com.apple.product-type.application";
		};
		C2CD437A1B3E471B00C399B8 /* loginagainTests */ = {
			isa = PBXNativeTarget;
			buildConfigurationList = C2CD43881B3E471B00C399B8 /* Build configuration list for PBXNativeTarget "loginagainTests" */;
			buildPhases = (
				C2CD43771B3E471B00C399B8 /* Sources */,
				C2CD43781B3E471B00C399B8 /* Frameworks */,
				C2CD43791B3E471B00C399B8 /* Resources */,
			);
			buildRules = (
			);
			dependencies = (
				C2CD437D1B3E471B00C399B8 /* PBXTargetDependency */,
			);
			name = loginagainTests;
			productName = loginagainTests;
			productReference = C2CD437B1B3E471B00C399B8 /* loginagainTests.xctest */;
			productType = "com.apple.product-type.bundle.unit-test";
		};
/* End PBXNativeTarget section */

/* Begin PBXProject section */
		C2CD43571B3E471A00C399B8 /* Project object */ = {
			isa = PBXProject;
			attributes = {
				LastUpgradeCheck = 0630;
				ORGANIZATIONNAME = lanou3g;
				TargetAttributes = {
					C2CD435E1B3E471A00C399B8 = {
						CreatedOnToolsVersion = 6.3.1;
					};
					C2CD437A1B3E471B00C399B8 = {
						CreatedOnToolsVersion = 6.3.1;
						TestTargetID = C2CD435E1B3E471A00C399B8;
					};
				};
			};
			buildConfigurationList = C2CD435A1B3E471A00C399B8 /* Build configuration list for PBXProject "loginagain" */;
			compatibilityVersion = "Xcode 3.2";
			developmentRegion = English;
			hasScannedForEncodings = 0;
			knownRegions = (
				en,
				Base,
			);
			mainGroup = C2CD43561B3E471A00C399B8;
			productRefGroup = C2CD43601B3E471A00C399B8 /* Products */;
			projectDirPath = "";
			projectRoot = "";
			targets = (
				C2CD435E1B3E471A00C399B8 /* loginagain */,
				C2CD437A1B3E471B00C399B8 /* loginagainTests */,
			);
		};
/* End PBXProject section */

/* Begin PBXResourcesBuildPhase section */
		C2CD435D1B3E471A00C399B8 /* Resources */ = {
			isa = PBXResourcesBuildPhase;
			buildActionMask = 2147483647;
			files = (
				C2CD43711B3E471A00C399B8 /* Main.storyboard in Resources */,
				C2CD43761B3E471B00C399B8 /* LaunchScreen.xib in Resources */,
				C2CD43731B3E471A00C399B8 /* Images.xcassets in Resources */,
			);
			runOnlyForDeploymentPostprocessing = 0;
		};
		C2CD43791B3E471B00C399B8 /* Resources */ = {
			isa = PBXResourcesBuildPhase;
			buildActionMask = 2147483647;
			files = (
			);
			runOnlyForDeploymentPostprocessing = 0;
		};
/* End PBXResourcesBuildPhase section */

/* Begin PBXSourcesBuildPhase section */
		C2CD435B1B3E471A00C399B8 /* Sources */ = {
			isa = PBXSourcesBuildPhase;
			buildActionMask = 2147483647;
			files = (
				C2CD43681B3E471A00C399B8 /* AppDelegate.m in Sources */,
				C2CD436B1B3E471A00C399B8 /* loginagain.xcdatamodeld in Sources */,
				C2CD436E1B3E471A00C399B8 /* ViewController.m in Sources */,
				C2CD43651B3E471A00C399B8 /* main.m in Sources */,
			);
			runOnlyForDeploymentPostprocessing = 0;
		};
		C2CD43771B3E471B00C399B8 /* Sources */ = {
			isa = PBXSourcesBuildPhase;
			buildActionMask = 2147483647;
			files = (
				C2CD43821B3E471B00C399B8 /* loginagainTests.m in Sources */,
			);
			runOnlyForDeploymentPostprocessing = 0;
		};
/* End PBXSourcesBuildPhase section */

/* Begin PBXTargetDependency section */
		C2CD437D1B3E471B00C399B8 /* PBXTargetDependency */ = {
			isa = PBXTargetDependency;
			target = C2CD435E1B3E471A00C399B8 /* loginagain */;
			targetProxy = C2CD437C1B3E471B00C399B8 /* PBXContainerItemProxy */;
		};
/* End PBXTargetDependency section */

/* Begin PBXVariantGroup section */
		C2CD436F1B3E471A00C399B8 /* Main.storyboard */ = {
			isa = PBXVariantGroup;
			children = (
				C2CD43701B3E471A00C399B8 /* Base */,
			);
			name = Main.storyboard;
			sourceTree = "<group>";
		};
		C2CD43741B3E471B00C399B8 /* LaunchScreen.xib */ = {
			isa = PBXVariantGroup;
			children = (
				C2CD43751B3E471B00C399B8 /* Base */,
			);
			name = LaunchScreen.xib;
			sourceTree = "<group>";
		};
/* End PBXVariantGroup section */

/* Begin XCBuildConfiguration section */
		C2CD43831B3E471B00C399B8 /* Debug */ = {
			isa = XCBuildConfiguration;
			buildSettings = {
				ALWAYS_SEARCH_USER_PATHS = NO;
				CLANG_CXX_LANGUAGE_STANDARD = "gnu++0x";
				CLANG_CXX_LIBRARY = "libc++";
				CLANG_ENABLE_MODULES = YES;
				CLANG_ENABLE_OBJC_ARC = YES;
				CLANG_WARN_BOOL_CONVERSION = YES;
				CLANG_WARN_CONSTANT_CONVERSION = YES;
				CLANG_WARN_DIRECT_OBJC_ISA_USAGE = YES_ERROR;
				CLANG_WARN_EMPTY_BODY = YES;
				CLANG_WARN_ENUM_CONVERSION = YES;
				CLANG_WARN_INT_CONVERSION = YES;
				CLANG_WARN_OBJC_ROOT_CLASS = YES_ERROR;
				CLANG_WARN_UNREACHABLE_CODE = YES;
				CLANG_WARN__DUPLICATE_METHOD_MATCH = YES;
				"CODE_SIGN_IDENTITY[sdk=iphoneos*]" = "iPhone Developer";
				COPY_PHASE_STRIP = NO;
				DEBUG_INFORMATION_FORMAT = "dwarf-with-dsym";
				ENABLE_STRICT_OBJC_MSGSEND = YES;
				GCC_C_LANGUAGE_STANDARD = gnu99;
				GCC_DYNAMIC_NO_PIC = NO;
				GCC_NO_COMMON_BLOCKS = YES;
				GCC_OPTIMIZATION_LEVEL = 0;
				GCC_PREPROCESSOR_DEFINITIONS = (
					"DEBUG=1",
					"$(inherited)",
				);
				GCC_SYMBOLS_PRIVATE_EXTERN = NO;
				GCC_WARN_64_TO_32_BIT_CONVERSION = YES;
				GCC_WARN_ABOUT_RETURN_TYPE = YES_ERROR;
				GCC_WARN_UNDECLARED_SELECTOR = YES;
				GCC_WARN_UNINITIALIZED_AUTOS = YES_AGGRESSIVE;
				GCC_WARN_UNUSED_FUNCTION = YES;
				GCC_WARN_UNUSED_VARIABLE = YES;
				IPHONEOS_DEPLOYMENT_TARGET = 8.3;
				MTL_ENABLE_DEBUG_INFO = YES;
				ONLY_ACTIVE_ARCH = YES;
				SDKROOT = iphoneos;
				TARGETED_DEVICE_FAMILY = "1,2";
			};
			name = Debug;
		};
		C2CD43841B3E471B00C399B8 /* Release */ = {
			isa = XCBuildConfiguration;
			buildSettings = {
				ALWAYS_SEARCH_USER_PATHS = NO;
				CLANG_CXX_LANGUAGE_STANDARD = "gnu++0x";
				CLANG_CXX_LIBRARY = "libc++";
				CLANG_ENABLE_MODULES = YES;
				CLANG_ENABLE_OBJC_ARC = YES;
				CLANG_WARN_BOOL_CONVERSION = YES;
				CLANG_WARN_CONSTANT_CONVERSION = YES;
				CLANG_WARN_DIRECT_OBJC_ISA_USAGE = YES_ERROR;
				CLANG_WARN_EMPTY_BODY = YES;
				CLANG_WARN_ENUM_CONVERSION = YES;
				CLANG_WARN_INT_CONVERSION = YES;
				CLANG_WARN_OBJC_ROOT_CLASS = YES_ERROR;
				CLANG_WARN_UNREACHABLE_CODE = YES;
				CLANG_WARN__DUPLICATE_METHOD_MATCH = YES;
				"CODE_SIGN_IDENTITY[sdk=iphoneos*]" = "iPhone Developer";
				COPY_PHASE_STRIP = NO;
				DEBUG_INFORMATION_FORMAT = "dwarf-with-dsym";
				ENABLE_NS_ASSERTIONS = NO;
				ENABLE_STRICT_OBJC_MSGSEND = YES;
				GCC_C_LANGUAGE_STANDARD = gnu99;
				GCC_NO_COMMON_BLOCKS = YES;
				GCC_WARN_64_TO_32_BIT_CONVERSION = YES;
				GCC_WARN_ABOUT_RETURN_TYPE = YES_ERROR;
				GCC_WARN_UNDECLARED_SELECTOR = YES;
				GCC_WARN_UNINITIALIZED_AUTOS = YES_AGGRESSIVE;
				GCC_WARN_UNUSED_FUNCTION = YES;
				GCC_WARN_UNUSED_VARIABLE = YES;
				IPHONEOS_DEPLOYMENT_TARGET = 8.3;
				MTL_ENABLE_DEBUG_INFO = NO;
				SDKROOT = iphoneos;
				TARGETED_DEVICE_FAMILY = "1,2";
				VALIDATE_PRODUCT = YES;
			};
			name = Release;
		};
		C2CD43861B3E471B00C399B8 /* Debug */ = {
			isa = XCBuildConfiguration;
			buildSettings = {
				ASSETCATALOG_COMPILER_APPICON_NAME = AppIcon;
				INFOPLIST_FILE = loginagain/Info.plist;
				LD_RUNPATH_SEARCH_PATHS = "$(inherited) @executable_path/Frameworks";
				PRODUCT_NAME = "$(TARGET_NAME)";
			};
			name = Debug;
		};
		C2CD43871B3E471B00C399B8 /* Release */ = {
			isa = XCBuildConfiguration;
			buildSettings = {
				ASSETCATALOG_COMPILER_APPICON_NAME = AppIcon;
				INFOPLIST_FILE = loginagain/Info.plist;
				LD_RUNPATH_SEARCH_PATHS = "$(inherited) @executable_path/Frameworks";
				PRODUCT_NAME = "$(TARGET_NAME)";
			};
			name = Release;
		};
		C2CD43891B3E471B00C399B8 /* Debug */ = {
			isa = XCBuildConfiguration;
			buildSettings = {
				BUNDLE_LOADER = "$(TEST_HOST)";
				FRAMEWORK_SEARCH_PATHS = (
					"$(SDKROOT)/Developer/Library/Frameworks",
					"$(inherited)",
				);
				GCC_PREPROCESSOR_DEFINITIONS = (
					"DEBUG=1",
					"$(inherited)",
				);
				INFOPLIST_FILE = loginagainTests/Info.plist;
				LD_RUNPATH_SEARCH_PATHS = "$(inherited) @executable_path/Frameworks @loader_path/Frameworks";
				PRODUCT_NAME = "$(TARGET_NAME)";
				TEST_HOST = "$(BUILT_PRODUCTS_DIR)/loginagain.app/loginagain";
			};
			name = Debug;
		};
		C2CD438A1B3E471B00C399B8 /* Release */ = {
			isa = XCBuildConfiguration;
			buildSettings = {
				BUNDLE_LOADER = "$(TEST_HOST)";
				FRAMEWORK_SEARCH_PATHS = (
					"$(SDKROOT)/Developer/Library/Frameworks",
					"$(inherited)",
				);
				INFOPLIST_FILE = loginagainTests/Info.plist;
				LD_RUNPATH_SEARCH_PATHS = "$(inherited) @executable_path/Frameworks @loader_path/Frameworks";
				PRODUCT_NAME = "$(TARGET_NAME)";
				TEST_HOST = "$(BUILT_PRODUCTS_DIR)/loginagain.app/loginagain";
			};
			name = Release;
		};
/* End XCBuildConfiguration section */

/* Begin XCConfigurationList section */
		C2CD435A1B3E471A00C399B8 /* Build configuration list for PBXProject "loginagain" */ = {
			isa = XCConfigurationList;
			buildConfigurations = (
				C2CD43831B3E471B00C399B8 /* Debug */,
				C2CD43841B3E471B00C399B8 /* Release */,
			);
			defaultConfigurationIsVisible = 0;
			defaultConfigurationName = Release;
		};
		C2CD43851B3E471B00C399B8 /* Build configuration list for PBXNativeTarget "loginagain" */ = {
			isa = XCConfigurationList;
			buildConfigurations = (
				C2CD43861B3E471B00C399B8 /* Debug */,
				C2CD43871B3E471B00C399B8 /* Release */,
			);
			defaultConfigurationIsVisible = 0;
		};
		C2CD43881B3E471B00C399B8 /* Build configuration list for PBXNativeTarget "loginagainTests" */ = {
			isa = XCConfigurationList;
			buildConfigurations = (
				C2CD43891B3E471B00C399B8 /* Debug */,
				C2CD438A1B3E471B00C399B8 /* Release */,
			);
			defaultConfigurationIsVisible = 0;
		};
/* End XCConfigurationList section */

/* Begin XCVersionGroup section */
		C2CD43691B3E471A00C399B8 /* loginagain.xcdatamodeld */ = {
			isa = XCVersionGroup;
			children = (
				C2CD436A1B3E471A00C399B8 /* loginagain.xcdatamodel */,
			);
			currentVersion = C2CD436A1B3E471A00C399B8 /* loginagain.xcdatamodel */;
			path = loginagain.xcdatamodeld;
			sourceTree = "<group>";
			versionGroupType = wrapper.xcdatamodel;
		};
/* End XCVersionGroup section */
	};
	rootObject = C2CD43571B3E471A00C399B8 /* Project object */;
}
